
Microsoft Visual Studio Solution File, Format Version 12.00
# Visual Studio Version 17
VisualStudioVersion = 17.4.33213.308
MinimumVisualStudioVersion = 10.0.40219.1
Project("{9A19103F-16F7-4668-BE54-9A1E7A4F7556}") = "QuickDesk", "QuickDesk.csproj", "{DBF45A75-526C-4FA2-9965-32640035F943}"
EndProject
Global
	GlobalSection(SolutionConfigurationPlatforms) = preSolution
		Debug|Any CPU = Debug|Any CPU
		Release|Any CPU = Release|Any CPU
	EndGlobalSection
	GlobalSection(ProjectConfigurationPlatforms) = postSolution
		{DBF45A75-526C-4FA2-9965-32640035F943}.Debug|Any CPU.ActiveCfg = Debug|Any CPU
		{DBF45A75-526C-4FA2-9965-32640035F943}.Debug|Any CPU.Build.0 = Debug|Any CPU
		{DBF45A75-526C-4FA2-9965-32640035F943}.Release|Any CPU.ActiveCfg = Release|Any CPU
		{DBF45A75-526C-4FA2-9965-32640035F943}.Release|Any CPU.Build.0 = Release|Any CPU
	EndGlobalSection
	GlobalSection(SolutionProperties) = preSolution
		HideSolutionNode = FALSE
	EndGlobalSection
	GlobalSection(ExtensibilityGlobals) = postSolution
		SolutionGuid = {90306B47-98A9-4883-9A68-99737630F25C}
	EndGlobalSection
EndGlobal
